
Microsoft Visual Studio Solution File, Format Version 12.00
# Visual Studio Version 16
VisualStudioVersion = 16.0.29806.167
MinimumVisualStudioVersion = 10.0.40219.1
Project("{FAE04EC0-301F-11D3-BF4B-00C04F79EFBC}") = "CH01_CA_HelloWorld", "CH01_CA_HelloWorld\CH01_CA_HelloWorld.csproj", "{143F2AA3-47B2-4EA3-98C5-0451C6BE9B03}"
EndProject
Global
	GlobalSection(SolutionConfigurationPlatforms) = preSolution
		Debug|Any CPU = Debug|Any CPU
		Release|Any CPU = Release|Any CPU
	EndGlobalSection
	GlobalSection(ProjectConfigurationPlatforms) = postSolution
		{143F2AA3-47B2-4EA3-98C5-0451C6BE9B03}.Debug|Any CPU.ActiveCfg = Debug|Any CPU
		{143F2AA3-47B2-4EA3-98C5-0451C6BE9B03}.Debug|Any CPU.Build.0 = Debug|Any CPU
		{143F2AA3-47B2-4EA3-98C5-0451C6BE9B03}.Release|Any CPU.ActiveCfg = Release|Any CPU
		{143F2AA3-47B2-4EA3-98C5-0451C6BE9B03}.Release|Any CPU.Build.0 = Release|Any CPU
	EndGlobalSection
	GlobalSection(SolutionProperties) = preSolution
		HideSolutionNode = FALSE
	EndGlobalSection
	GlobalSection(ExtensibilityGlobals) = postSolution
		SolutionGuid = {3C36FE8F-727E-4A41-B367-D0D5E424946E}
	EndGlobalSection
EndGlobal
